
Microsoft Visual Studio Solution File, Format Version 12.00
# Visual Studio Version 17
VisualStudioVersion = 17.13.35919.96
MinimumVisualStudioVersion = 10.0.40219.1
Project("{F184B08F-C81C-45F6-A57F-5ABD9991F28F}") = "OSNW-Color-Dialog", "OSNW-Color-Dialog\OSNW-Color-Dialog.vbproj", "{72E2678E-EADD-425E-9CC9-0B0B011AAA08}"
EndProject
Project("{F184B08F-C81C-45F6-A57F-5ABD9991F28F}") = "OSNW-Color-Dialog-Demo", "OSNW-Color-Dialog-Demo\OSNW-Color-Dialog-Demo.vbproj", "{527CE0E2-C2B0-4662-AA08-D15601757B6B}"
	ProjectSection(ProjectDependencies) = postProject
		{72E2678E-EADD-425E-9CC9-0B0B011AAA08} = {72E2678E-EADD-425E-9CC9-0B0B011AAA08}
	EndProjectSection
EndProject
Global
	GlobalSection(SolutionConfigurationPlatforms) = preSolution
		Debug|Any CPU = Debug|Any CPU
		Release|Any CPU = Release|Any CPU
	EndGlobalSection
	GlobalSection(ProjectConfigurationPlatforms) = postSolution
		{72E2678E-EADD-425E-9CC9-0B0B011AAA08}.Debug|Any CPU.ActiveCfg = Debug|Any CPU
		{72E2678E-EADD-425E-9CC9-0B0B011AAA08}.Debug|Any CPU.Build.0 = Debug|Any CPU
		{72E2678E-EADD-425E-9CC9-0B0B011AAA08}.Release|Any CPU.ActiveCfg = Release|Any CPU
		{72E2678E-EADD-425E-9CC9-0B0B011AAA08}.Release|Any CPU.Build.0 = Release|Any CPU
		{527CE0E2-C2B0-4662-AA08-D15601757B6B}.Debug|Any CPU.ActiveCfg = Debug|Any CPU
		{527CE0E2-C2B0-4662-AA08-D15601757B6B}.Debug|Any CPU.Build.0 = Debug|Any CPU
		{527CE0E2-C2B0-4662-AA08-D15601757B6B}.Release|Any CPU.ActiveCfg = Release|Any CPU
		{527CE0E2-C2B0-4662-AA08-D15601757B6B}.Release|Any CPU.Build.0 = Release|Any CPU
	EndGlobalSection
	GlobalSection(SolutionProperties) = preSolution
		HideSolutionNode = FALSE
	EndGlobalSection
	GlobalSection(ExtensibilityGlobals) = postSolution
		SolutionGuid = {84501A46-CBC8-4B50-8EC9-34E135D9C90A}
	EndGlobalSection
EndGlobal
